
Microsoft Visual Studio Solution File, Format Version 12.00
# Visual Studio Version 16
VisualStudioVersion = 16.0.31702.278
MinimumVisualStudioVersion = 10.0.40219.1
Project("{9A19103F-16F7-4668-BE54-9A1E7A4F7556}") = "TournamentOrganizer.UI", "TournamentOrganizer\TournamentOrganizer.UI.csproj", "{558F0AC5-6D42-404A-AEB8-612C6A757878}"
EndProject
Project("{00D1A9C2-B5F0-4AF3-8072-F6C62B433612}") = "TournamentOrganizer.DB", "TournamentOrganizer.DB\TournamentOrganizer.DB.sqlproj", "{B4A77CE7-FB9F-47A2-A1ED-BA424478CAE9}"
EndProject
Project("{9A19103F-16F7-4668-BE54-9A1E7A4F7556}") = "TournamentOrganizer.DataLayer", "TournamentOrganaizer.DataLayer\TournamentOrganizer.DataLayer.csproj", "{F232EF01-A9C4-4CB1-A679-98973FF87625}"
EndProject
Project("{9A19103F-16F7-4668-BE54-9A1E7A4F7556}") = "TournamentOrganizer.BusinessLayer", "TournamentOrganizer.BusinessLayer\TournamentOrganizer.BusinessLayer.csproj", "{F4B2706C-A22D-4A1B-93FE-B80A5156AAF2}"
EndProject
Project("{FAE04EC0-301F-11D3-BF4B-00C04F79EFBC}") = "TournamentOrganizer.BusinessLayer.Tests", "TournamentOrganizer.BussinessLayer.Tests\TournamentOrganizer.BusinessLayer.Tests.csproj", "{7F2E5CEC-E83B-4B40-B896-27794F5D1F23}"
EndProject
Global
	GlobalSection(SolutionConfigurationPlatforms) = preSolution
		Debug|Any CPU = Debug|Any CPU
		Release|Any CPU = Release|Any CPU
	EndGlobalSection
	GlobalSection(ProjectConfigurationPlatforms) = postSolution
		{558F0AC5-6D42-404A-AEB8-612C6A757878}.Debug|Any CPU.ActiveCfg = Debug|Any CPU
		{558F0AC5-6D42-404A-AEB8-612C6A757878}.Debug|Any CPU.Build.0 = Debug|Any CPU
		{558F0AC5-6D42-404A-AEB8-612C6A757878}.Release|Any CPU.ActiveCfg = Release|Any CPU
		{558F0AC5-6D42-404A-AEB8-612C6A757878}.Release|Any CPU.Build.0 = Release|Any CPU
		{B4A77CE7-FB9F-47A2-A1ED-BA424478CAE9}.Debug|Any CPU.ActiveCfg = Debug|Any CPU
		{B4A77CE7-FB9F-47A2-A1ED-BA424478CAE9}.Debug|Any CPU.Build.0 = Debug|Any CPU
		{B4A77CE7-FB9F-47A2-A1ED-BA424478CAE9}.Debug|Any CPU.Deploy.0 = Debug|Any CPU
		{B4A77CE7-FB9F-47A2-A1ED-BA424478CAE9}.Release|Any CPU.ActiveCfg = Release|Any CPU
		{B4A77CE7-FB9F-47A2-A1ED-BA424478CAE9}.Release|Any CPU.Build.0 = Release|Any CPU
		{B4A77CE7-FB9F-47A2-A1ED-BA424478CAE9}.Release|Any CPU.Deploy.0 = Release|Any CPU
		{F232EF01-A9C4-4CB1-A679-98973FF87625}.Debug|Any CPU.ActiveCfg = Debug|Any CPU
		{F232EF01-A9C4-4CB1-A679-98973FF87625}.Debug|Any CPU.Build.0 = Debug|Any CPU
		{F232EF01-A9C4-4CB1-A679-98973FF87625}.Release|Any CPU.ActiveCfg = Release|Any CPU
		{F232EF01-A9C4-4CB1-A679-98973FF87625}.Release|Any CPU.Build.0 = Release|Any CPU
		{F4B2706C-A22D-4A1B-93FE-B80A5156AAF2}.Debug|Any CPU.ActiveCfg = Debug|Any CPU
		{F4B2706C-A22D-4A1B-93FE-B80A5156AAF2}.Debug|Any CPU.Build.0 = Debug|Any CPU
		{F4B2706C-A22D-4A1B-93FE-B80A5156AAF2}.Release|Any CPU.ActiveCfg = Release|Any CPU
		{F4B2706C-A22D-4A1B-93FE-B80A5156AAF2}.Release|Any CPU.Build.0 = Release|Any CPU
		{7F2E5CEC-E83B-4B40-B896-27794F5D1F23}.Debug|Any CPU.ActiveCfg = Debug|Any CPU
		{7F2E5CEC-E83B-4B40-B896-27794F5D1F23}.Debug|Any CPU.Build.0 = Debug|Any CPU
		{7F2E5CEC-E83B-4B40-B896-27794F5D1F23}.Release|Any CPU.ActiveCfg = Release|Any CPU
		{7F2E5CEC-E83B-4B40-B896-27794F5D1F23}.Release|Any CPU.Build.0 = Release|Any CPU
	EndGlobalSection
	GlobalSection(SolutionProperties) = preSolution
		HideSolutionNode = FALSE
	EndGlobalSection
	GlobalSection(ExtensibilityGlobals) = postSolution
		SolutionGuid = {44688E81-7F61-4095-8BC1-F6CE2796BD34}
	EndGlobalSection
EndGlobal
